
Microsoft Visual Studio Solution File, Format Version 12.00
# Visual Studio 15
VisualStudioVersion = 15.0.27130.2024
MinimumVisualStudioVersion = 10.0.40219.1
Project("{8BC9CEB8-8B4A-11D0-8D11-00A0C91BC942}") = "Camera_Calibrator", "Camera_Calibrator\Camera_Calibrator.vcxproj", "{1F01E925-E705-4670-81A6-DF77A81E8811}"
EndProject
Global
	GlobalSection(SolutionConfigurationPlatforms) = preSolution
		Debug|x64 = Debug|x64
		Debug|x86 = Debug|x86
		Release|x64 = Release|x64
		Release|x86 = Release|x86
	EndGlobalSection
	GlobalSection(ProjectConfigurationPlatforms) = postSolution
		{1F01E925-E705-4670-81A6-DF77A81E8811}.Debug|x64.ActiveCfg = Debug|x64
		{1F01E925-E705-4670-81A6-DF77A81E8811}.Debug|x64.Build.0 = Debug|x64
		{1F01E925-E705-4670-81A6-DF77A81E8811}.Debug|x86.ActiveCfg = Debug|Win32
		{1F01E925-E705-4670-81A6-DF77A81E8811}.Debug|x86.Build.0 = Debug|Win32
		{1F01E925-E705-4670-81A6-DF77A81E8811}.Release|x64.ActiveCfg = Release|x64
		{1F01E925-E705-4670-81A6-DF77A81E8811}.Release|x64.Build.0 = Release|x64
		{1F01E925-E705-4670-81A6-DF77A81E8811}.Release|x86.ActiveCfg = Release|Win32
		{1F01E925-E705-4670-81A6-DF77A81E8811}.Release|x86.Build.0 = Release|Win32
	EndGlobalSection
	GlobalSection(SolutionProperties) = preSolution
		HideSolutionNode = FALSE
	EndGlobalSection
	GlobalSection(ExtensibilityGlobals) = postSolution
		SolutionGuid = {E4C9D2F8-78E5-4BA4-BDB1-5587789874A9}
	EndGlobalSection
EndGlobal
